
Microsoft Visual Studio Solution File, Format Version 12.00
# Visual Studio 15
VisualStudioVersion = 15.0.26730.10
MinimumVisualStudioVersion = 10.0.40219.1
Project("{FAE04EC0-301F-11D3-BF4B-00C04F79EFBC}") = "ZH.Web", "ZH.Web\ZH.Web.csproj", "{2DA6CAA6-3B68-4740-A1EA-0E8008C2B083}"
EndProject
Project("{FAE04EC0-301F-11D3-BF4B-00C04F79EFBC}") = "ZH.Persistence", "ZH.Persistence\ZH.Persistence.csproj", "{B96BF73D-B6A5-43A4-B095-46302CF2B9E1}"
EndProject
Global
	GlobalSection(SolutionConfigurationPlatforms) = preSolution
		Debug|Any CPU = Debug|Any CPU
		Release|Any CPU = Release|Any CPU
	EndGlobalSection
	GlobalSection(ProjectConfigurationPlatforms) = postSolution
		{2DA6CAA6-3B68-4740-A1EA-0E8008C2B083}.Debug|Any CPU.ActiveCfg = Debug|Any CPU
		{2DA6CAA6-3B68-4740-A1EA-0E8008C2B083}.Debug|Any CPU.Build.0 = Debug|Any CPU
		{2DA6CAA6-3B68-4740-A1EA-0E8008C2B083}.Release|Any CPU.ActiveCfg = Release|Any CPU
		{2DA6CAA6-3B68-4740-A1EA-0E8008C2B083}.Release|Any CPU.Build.0 = Release|Any CPU
		{B96BF73D-B6A5-43A4-B095-46302CF2B9E1}.Debug|Any CPU.ActiveCfg = Debug|Any CPU
		{B96BF73D-B6A5-43A4-B095-46302CF2B9E1}.Debug|Any CPU.Build.0 = Debug|Any CPU
		{B96BF73D-B6A5-43A4-B095-46302CF2B9E1}.Release|Any CPU.ActiveCfg = Release|Any CPU
		{B96BF73D-B6A5-43A4-B095-46302CF2B9E1}.Release|Any CPU.Build.0 = Release|Any CPU
	EndGlobalSection
	GlobalSection(SolutionProperties) = preSolution
		HideSolutionNode = FALSE
	EndGlobalSection
	GlobalSection(ExtensibilityGlobals) = postSolution
		SolutionGuid = {BE47E0DB-F0A2-43C6-B96D-FD26CAEA8126}
	EndGlobalSection
EndGlobal
